
Microsoft Visual Studio Solution File, Format Version 12.00
# Visual Studio Version 16
VisualStudioVersion = 16.0.30717.126
MinimumVisualStudioVersion = 10.0.40219.1
Project("{FAE04EC0-301F-11D3-BF4B-00C04F79EFBC}") = "Cryptor.Dal", "Cryptor.Dal\Cryptor.Dal.csproj", "{8972D58E-D74A-440A-9F91-2FCECA640F7F}"
EndProject
Project("{FAE04EC0-301F-11D3-BF4B-00C04F79EFBC}") = "Cryptor.Core", "Cryptor.Core\Cryptor.Core.csproj", "{2E828745-8E52-4FA5-A7A9-1B6ABF53B80D}"
EndProject
Global
	GlobalSection(SolutionConfigurationPlatforms) = preSolution
		Debug|Any CPU = Debug|Any CPU
		Release|Any CPU = Release|Any CPU
	EndGlobalSection
	GlobalSection(ProjectConfigurationPlatforms) = postSolution
		{8972D58E-D74A-440A-9F91-2FCECA640F7F}.Debug|Any CPU.ActiveCfg = Debug|Any CPU
		{8972D58E-D74A-440A-9F91-2FCECA640F7F}.Debug|Any CPU.Build.0 = Debug|Any CPU
		{8972D58E-D74A-440A-9F91-2FCECA640F7F}.Release|Any CPU.ActiveCfg = Release|Any CPU
		{8972D58E-D74A-440A-9F91-2FCECA640F7F}.Release|Any CPU.Build.0 = Release|Any CPU
		{2E828745-8E52-4FA5-A7A9-1B6ABF53B80D}.Debug|Any CPU.ActiveCfg = Debug|Any CPU
		{2E828745-8E52-4FA5-A7A9-1B6ABF53B80D}.Debug|Any CPU.Build.0 = Debug|Any CPU
		{2E828745-8E52-4FA5-A7A9-1B6ABF53B80D}.Release|Any CPU.ActiveCfg = Release|Any CPU
		{2E828745-8E52-4FA5-A7A9-1B6ABF53B80D}.Release|Any CPU.Build.0 = Release|Any CPU
	EndGlobalSection
	GlobalSection(SolutionProperties) = preSolution
		HideSolutionNode = FALSE
	EndGlobalSection
	GlobalSection(ExtensibilityGlobals) = postSolution
		SolutionGuid = {62EAD32B-6D5B-4792-989C-A9B7A87A1F15}
	EndGlobalSection
EndGlobal
